// !$*UTF8*$!
{
	archiveVersion = 1;
	classes = {
	};
	objectVersion = 46;
	objects = {

/* Begin PBXBuildFile section */
		DD38DDFA32761DD869C9C01E /* Pods_LickabilityCodingChallenge.framework in Frameworks */ = {isa = PBXBuildFile; fileRef = 2E291826D6B334C6644AAB41 /* Pods_LickabilityCodingChallenge.framework */; };
		E8143C1B1E9B040000CBE3F2 /* PictureViewModel.swift in Sources */ = {isa = PBXBuildFile; fileRef = E8143C1A1E9B040000CBE3F2 /* PictureViewModel.swift */; };
		E8143C1D1E9B103600CBE3F2 /* AlbumViewCell.swift in Sources */ = {isa = PBXBuildFile; fileRef = E8143C1C1E9B103600CBE3F2 /* AlbumViewCell.swift */; };
		E876221E1E93FB8600651429 /* AppDelegate.swift in Sources */ = {isa = PBXBuildFile; fileRef = E876221D1E93FB8600651429 /* AppDelegate.swift */; };
		E87622201E93FB8600651429 /* AlbumCollectionViewController.swift in Sources */ = {isa = PBXBuildFile; fileRef = E876221F1E93FB8600651429 /* AlbumCollectionViewController.swift */; };
		E87622251E93FB8600651429 /* Assets.xcassets in Resources */ = {isa = PBXBuildFile; fileRef = E87622241E93FB8600651429 /* Assets.xcassets */; };
		E87622281E93FB8600651429 /* LaunchScreen.storyboard in Resources */ = {isa = PBXBuildFile; fileRef = E87622261E93FB8600651429 /* LaunchScreen.storyboard */; };
		E87622301E93FF0B00651429 /* Picture.swift in Sources */ = {isa = PBXBuildFile; fileRef = E876222F1E93FF0B00651429 /* Picture.swift */; };
		E87622321E93FFC500651429 /* Album.swift in Sources */ = {isa = PBXBuildFile; fileRef = E87622311E93FFC500651429 /* Album.swift */; };
		E87622361E94003B00651429 /* PrimaryCollectionView.swift in Sources */ = {isa = PBXBuildFile; fileRef = E87622351E94003B00651429 /* PrimaryCollectionView.swift */; };
		E876223A1E94005600651429 /* PictureDetailView.swift in Sources */ = {isa = PBXBuildFile; fileRef = E87622391E94005600651429 /* PictureDetailView.swift */; };
		E876223D1E94064500651429 /* photos.json in Resources */ = {isa = PBXBuildFile; fileRef = E876223C1E94064500651429 /* photos.json */; };
		E876223F1E94065F00651429 /* JSONParser.swift in Sources */ = {isa = PBXBuildFile; fileRef = E876223E1E94065F00651429 /* JSONParser.swift */; };
		E87622421E94111200651429 /* DataStore.swift in Sources */ = {isa = PBXBuildFile; fileRef = E87622411E94111200651429 /* DataStore.swift */; };
		E87622461E942DB900651429 /* PictureViewCell.swift in Sources */ = {isa = PBXBuildFile; fileRef = E87622451E942DB900651429 /* PictureViewCell.swift */; };
		E87622481E94318900651429 /* Colors.swift in Sources */ = {isa = PBXBuildFile; fileRef = E87622471E94318900651429 /* Colors.swift */; };
		E876224A1E95692D00651429 /* PictureCollectionViewController.swift in Sources */ = {isa = PBXBuildFile; fileRef = E87622491E95692C00651429 /* PictureCollectionViewController.swift */; };
		E88421C81E9737A9003A87A7 /* CHTCollectionViewWaterfallLayout.swift in Sources */ = {isa = PBXBuildFile; fileRef = E88421C71E9737A9003A87A7 /* CHTCollectionViewWaterfallLayout.swift */; };
/* End PBXBuildFile section */

/* Begin PBXFileReference section */
		2E291826D6B334C6644AAB41 /* Pods_LickabilityCodingChallenge.framework */ = {isa = PBXFileReference; explicitFileType = wrapper.framework; includeInIndex = 0; path = Pods_LickabilityCodingChallenge.framework; sourceTree = BUILT_PRODUCTS_DIR; };
		4AD30B9B85D35B81F35BC764 /* Pods-LickabilityCodingChallenge.release.xcconfig */ = {isa = PBXFileReference; includeInIndex = 1; lastKnownFileType = text.xcconfig; name = "Pods-LickabilityCodingChallenge.release.xcconfig"; path = "Pods/Target Support Files/Pods-LickabilityCodingChallenge/Pods-LickabilityCodingChallenge.release.xcconfig"; sourceTree = "<group>"; };
		E8143C1A1E9B040000CBE3F2 /* PictureViewModel.swift */ = {isa = PBXFileReference; fileEncoding = 4; lastKnownFileType = sourcecode.swift; path = PictureViewModel.swift; sourceTree = "<group>"; };
		E8143C1C1E9B103600CBE3F2 /* AlbumViewCell.swift */ = {isa = PBXFileReference; fileEncoding = 4; lastKnownFileType = sourcecode.swift; path = AlbumViewCell.swift; sourceTree = "<group>"; };
		E876221A1E93FB8600651429 /* LickabilityCodingChallenge.app */ = {isa = PBXFileReference; explicitFileType = wrapper.application; includeInIndex = 0; path = LickabilityCodingChallenge.app; sourceTree = BUILT_PRODUCTS_DIR; };
		E876221D1E93FB8600651429 /* AppDelegate.swift */ = {isa = PBXFileReference; lastKnownFileType = sourcecode.swift; path = AppDelegate.swift; sourceTree = "<group>"; };
		E876221F1E93FB8600651429 /* AlbumCollectionViewController.swift */ = {isa = PBXFileReference; lastKnownFileType = sourcecode.swift; path = AlbumCollectionViewController.swift; sourceTree = "<group>"; };
		E87622241E93FB8600651429 /* Assets.xcassets */ = {isa = PBXFileReference; lastKnownFileType = folder.assetcatalog; path = Assets.xcassets; sourceTree = "<group>"; };
		E87622271E93FB8600651429 /* Base */ = {isa = PBXFileReference; lastKnownFileType = file.storyboard; name = Base; path = Base.lproj/LaunchScreen.storyboard; sourceTree = "<group>"; };
		E87622291E93FB8600651429 /* Info.plist */ = {isa = PBXFileReference; lastKnownFileType = text.plist.xml; path = Info.plist; sourceTree = "<group>"; };
		E876222F1E93FF0B00651429 /* Picture.swift */ = {isa = PBXFileReference; fileEncoding = 4; lastKnownFileType = sourcecode.swift; path = Picture.swift; sourceTree = "<group>"; };
		E87622311E93FFC500651429 /* Album.swift */ = {isa = PBXFileReference; fileEncoding = 4; lastKnownFileType = sourcecode.swift; path = Album.swift; sourceTree = "<group>"; };
		E87622351E94003B00651429 /* PrimaryCollectionView.swift */ = {isa = PBXFileReference; fileEncoding = 4; lastKnownFileType = sourcecode.swift; path = PrimaryCollectionView.swift; sourceTree = "<group>"; };
		E87622391E94005600651429 /* PictureDetailView.swift */ = {isa = PBXFileReference; fileEncoding = 4; lastKnownFileType = sourcecode.swift; path = PictureDetailView.swift; sourceTree = "<group>"; };
		E876223C1E94064500651429 /* photos.json */ = {isa = PBXFileReference; fileEncoding = 4; lastKnownFileType = text.json; path = photos.json; sourceTree = "<group>"; };
		E876223E1E94065F00651429 /* JSONParser.swift */ = {isa = PBXFileReference; fileEncoding = 4; lastKnownFileType = sourcecode.swift; path = JSONParser.swift; sourceTree = "<group>"; };
		E87622411E94111200651429 /* DataStore.swift */ = {isa = PBXFileReference; fileEncoding = 4; lastKnownFileType = sourcecode.swift; path = DataStore.swift; sourceTree = "<group>"; };
		E87622451E942DB900651429 /* PictureViewCell.swift */ = {isa = PBXFileReference; fileEncoding = 4; lastKnownFileType = sourcecode.swift; path = PictureViewCell.swift; sourceTree = "<group>"; };
		E87622471E94318900651429 /* Colors.swift */ = {isa = PBXFileReference; fileEncoding = 4; lastKnownFileType = sourcecode.swift; path = Colors.swift; sourceTree = "<group>"; };
		E87622491E95692C00651429 /* PictureCollectionViewController.swift */ = {isa = PBXFileReference; fileEncoding = 4; lastKnownFileType = sourcecode.swift; path = PictureCollectionViewController.swift; sourceTree = "<group>"; };
		E88421C71E9737A9003A87A7 /* CHTCollectionViewWaterfallLayout.swift */ = {isa = PBXFileReference; fileEncoding = 4; lastKnownFileType = sourcecode.swift; path = CHTCollectionViewWaterfallLayout.swift; sourceTree = "<group>"; };
		F2F370D831F367A981D527F3 /* Pods-LickabilityCodingChallenge.debug.xcconfig */ = {isa = PBXFileReference; includeInIndex = 1; lastKnownFileType = text.xcconfig; name = "Pods-LickabilityCodingChallenge.debug.xcconfig"; path = "Pods/Target Support Files/Pods-LickabilityCodingChallenge/Pods-LickabilityCodingChallenge.debug.xcconfig"; sourceTree = "<group>"; };
/* End PBXFileReference section */

/* Begin PBXFrameworksBuildPhase section */
		E87622171E93FB8600651429 /* Frameworks */ = {
			isa = PBXFrameworksBuildPhase;
			buildActionMask = 2147483647;
			files = (
				DD38DDFA32761DD869C9C01E /* Pods_LickabilityCodingChallenge.framework in Frameworks */,
			);
			runOnlyForDeploymentPostprocessing = 0;
		};
/* End PBXFrameworksBuildPhase section */

/* Begin PBXGroup section */
		A4E9E1A3D4853D0E7F841632 /* Pods */ = {
			isa = PBXGroup;
			children = (
				F2F370D831F367A981D527F3 /* Pods-LickabilityCodingChallenge.debug.xcconfig */,
				4AD30B9B85D35B81F35BC764 /* Pods-LickabilityCodingChallenge.release.xcconfig */,
			);
			name = Pods;
			sourceTree = "<group>";
		};
		AC1ABF077394888F5C937652 /* Frameworks */ = {
			isa = PBXGroup;
			children = (
				2E291826D6B334C6644AAB41 /* Pods_LickabilityCodingChallenge.framework */,
			);
			name = Frameworks;
			sourceTree = "<group>";
		};
		E87622111E93FB8600651429 = {
			isa = PBXGroup;
			children = (
				E876221C1E93FB8600651429 /* LickabilityCodingChallenge */,
				E876221B1E93FB8600651429 /* Products */,
				A4E9E1A3D4853D0E7F841632 /* Pods */,
				AC1ABF077394888F5C937652 /* Frameworks */,
			);
			sourceTree = "<group>";
		};
		E876221B1E93FB8600651429 /* Products */ = {
			isa = PBXGroup;
			children = (
				E876221A1E93FB8600651429 /* LickabilityCodingChallenge.app */,
			);
			name = Products;
			sourceTree = "<group>";
		};
		E876221C1E93FB8600651429 /* LickabilityCodingChallenge */ = {
			isa = PBXGroup;
			children = (
				E8143C1A1E9B040000CBE3F2 /* PictureViewModel.swift */,
				E87622401E940B2900651429 /* Data */,
				E87622341E94000200651429 /* Model */,
				E876223B1E94005D00651429 /* View */,
				E87622331E93FFF800651429 /* Controllers */,
				E87622241E93FB8600651429 /* Assets.xcassets */,
				E87622471E94318900651429 /* Colors.swift */,
				E87622261E93FB8600651429 /* LaunchScreen.storyboard */,
				E87622291E93FB8600651429 /* Info.plist */,
				E88421C71E9737A9003A87A7 /* CHTCollectionViewWaterfallLayout.swift */,
			);
			path = LickabilityCodingChallenge;
			sourceTree = "<group>";
		};
		E87622331E93FFF800651429 /* Controllers */ = {
			isa = PBXGroup;
			children = (
				E876221D1E93FB8600651429 /* AppDelegate.swift */,
				E876221F1E93FB8600651429 /* AlbumCollectionViewController.swift */,
				E87622491E95692C00651429 /* PictureCollectionViewController.swift */,
				E8143C1C1E9B103600CBE3F2 /* AlbumViewCell.swift */,
			);
			name = Controllers;
			sourceTree = "<group>";
		};
		E87622341E94000200651429 /* Model */ = {
			isa = PBXGroup;
			children = (
				E876222F1E93FF0B00651429 /* Picture.swift */,
				E87622311E93FFC500651429 /* Album.swift */,
			);
			name = Model;
			sourceTree = "<group>";
		};
		E876223B1E94005D00651429 /* View */ = {
			isa = PBXGroup;
			children = (
				E87622451E942DB900651429 /* PictureViewCell.swift */,
				E87622391E94005600651429 /* PictureDetailView.swift */,
				E87622351E94003B00651429 /* PrimaryCollectionView.swift */,
			);
			name = View;
			sourceTree = "<group>";
		};
		E87622401E940B2900651429 /* Data */ = {
			isa = PBXGroup;
			children = (
				E876223C1E94064500651429 /* photos.json */,
				E876223E1E94065F00651429 /* JSONParser.swift */,
				E87622411E94111200651429 /* DataStore.swift */,
			);
			name = Data;
			sourceTree = "<group>";
		};
/* End PBXGroup section */

/* Begin PBXNativeTarget section */
		E87622191E93FB8600651429 /* LickabilityCodingChallenge */ = {
			isa = PBXNativeTarget;
			buildConfigurationList = E876222C1E93FB8600651429 /* Build configuration list for PBXNativeTarget "LickabilityCodingChallenge" */;
			buildPhases = (
				8391CD81F9882F987C416370 /* [CP] Check Pods Manifest.lock */,
				E87622161E93FB8600651429 /* Sources */,
				E87622171E93FB8600651429 /* Frameworks */,
				E87622181E93FB8600651429 /* Resources */,
				8CA4A83F97F5F8F4A230C0DE /* [CP] Embed Pods Frameworks */,
				639D2A238BEEAC11FDCD511A /* [CP] Copy Pods Resources */,
			);
			buildRules = (
			);
			dependencies = (
			);
			name = LickabilityCodingChallenge;
			productName = LickabilityCodingChallenge;
			productReference = E876221A1E93FB8600651429 /* LickabilityCodingChallenge.app */;
			productType = "com.apple.product-type.application";
		};
/* End PBXNativeTarget section */

/* Begin PBXProject section */
		E87622121E93FB8600651429 /* Project object */ = {
			isa = PBXProject;
			attributes = {
				LastSwiftUpdateCheck = 0820;
				LastUpgradeCheck = 0820;
				ORGANIZATIONNAME = "Robert Deans";
				TargetAttributes = {
					E87622191E93FB8600651429 = {
						CreatedOnToolsVersion = 8.2.1;
						DevelopmentTeam = Y95395R97T;
						ProvisioningStyle = Automatic;
					};
				};
			};
			buildConfigurationList = E87622151E93FB8600651429 /* Build configuration list for PBXProject "LickabilityCodingChallenge" */;
			compatibilityVersion = "Xcode 3.2";
			developmentRegion = English;
			hasScannedForEncodings = 0;
			knownRegions = (
				en,
				Base,
			);
			mainGroup = E87622111E93FB8600651429;
			productRefGroup = E876221B1E93FB8600651429 /* Products */;
			projectDirPath = "";
			projectRoot = "";
			targets = (
				E87622191E93FB8600651429 /* LickabilityCodingChallenge */,
			);
		};
/* End PBXProject section */

/* Begin PBXResourcesBuildPhase section */
		E87622181E93FB8600651429 /* Resources */ = {
			isa = PBXResourcesBuildPhase;
			buildActionMask = 2147483647;
			files = (
				E876223D1E94064500651429 /* photos.json in Resources */,
				E87622281E93FB8600651429 /* LaunchScreen.storyboard in Resources */,
				E87622251E93FB8600651429 /* Assets.xcassets in Resources */,
			);
			runOnlyForDeploymentPostprocessing = 0;
		};
/* End PBXResourcesBuildPhase section */

/* Begin PBXShellScriptBuildPhase section */
		639D2A238BEEAC11FDCD511A /* [CP] Copy Pods Resources */ = {
			isa = PBXShellScriptBuildPhase;
			buildActionMask = 2147483647;
			files = (
			);
			inputPaths = (
			);
			name = "[CP] Copy Pods Resources";
			outputPaths = (
			);
			runOnlyForDeploymentPostprocessing = 0;
			shellPath = /bin/sh;
			shellScript = "\"${SRCROOT}/Pods/Target Support Files/Pods-LickabilityCodingChallenge/Pods-LickabilityCodingChallenge-resources.sh\"\n";
			showEnvVarsInLog = 0;
		};
		8391CD81F9882F987C416370 /* [CP] Check Pods Manifest.lock */ = {
			isa = PBXShellScriptBuildPhase;
			buildActionMask = 2147483647;
			files = (
			);
			inputPaths = (
			);
			name = "[CP] Check Pods Manifest.lock";
			outputPaths = (
			);
			runOnlyForDeploymentPostprocessing = 0;
			shellPath = /bin/sh;
			shellScript = "diff \"${PODS_ROOT}/../Podfile.lock\" \"${PODS_ROOT}/Manifest.lock\" > /dev/null\nif [ $? != 0 ] ; then\n    # print error to STDERR\n    echo \"error: The sandbox is not in sync with the Podfile.lock. Run 'pod install' or update your CocoaPods installation.\" >&2\n    exit 1\nfi\n";
			showEnvVarsInLog = 0;
		};
		8CA4A83F97F5F8F4A230C0DE /* [CP] Embed Pods Frameworks */ = {
			isa = PBXShellScriptBuildPhase;
			buildActionMask = 2147483647;
			files = (
			);
			inputPaths = (
			);
			name = "[CP] Embed Pods Frameworks";
			outputPaths = (
			);
			runOnlyForDeploymentPostprocessing = 0;
			shellPath = /bin/sh;
			shellScript = "\"${SRCROOT}/Pods/Target Support Files/Pods-LickabilityCodingChallenge/Pods-LickabilityCodingChallenge-frameworks.sh\"\n";
			showEnvVarsInLog = 0;
		};
/* End PBXShellScriptBuildPhase section */

/* Begin PBXSourcesBuildPhase section */
		E87622161E93FB8600651429 /* Sources */ = {
			isa = PBXSourcesBuildPhase;
			buildActionMask = 2147483647;
			files = (
				E87622301E93FF0B00651429 /* Picture.swift in Sources */,
				E87622481E94318900651429 /* Colors.swift in Sources */,
				E87622201E93FB8600651429 /* AlbumCollectionViewController.swift in Sources */,
				E876223F1E94065F00651429 /* JSONParser.swift in Sources */,
				E8143C1D1E9B103600CBE3F2 /* AlbumViewCell.swift in Sources */,
				E876221E1E93FB8600651429 /* AppDelegate.swift in Sources */,
				E87622321E93FFC500651429 /* Album.swift in Sources */,
				E8143C1B1E9B040000CBE3F2 /* PictureViewModel.swift in Sources */,
				E876223A1E94005600651429 /* PictureDetailView.swift in Sources */,
				E876224A1E95692D00651429 /* PictureCollectionViewController.swift in Sources */,
				E87622361E94003B00651429 /* PrimaryCollectionView.swift in Sources */,
				E87622461E942DB900651429 /* PictureViewCell.swift in Sources */,
				E87622421E94111200651429 /* DataStore.swift in Sources */,
				E88421C81E9737A9003A87A7 /* CHTCollectionViewWaterfallLayout.swift in Sources */,
			);
			runOnlyForDeploymentPostprocessing = 0;
		};
/* End PBXSourcesBuildPhase section */

/* Begin PBXVariantGroup section */
		E87622261E93FB8600651429 /* LaunchScreen.storyboard */ = {
			isa = PBXVariantGroup;
			children = (
				E87622271E93FB8600651429 /* Base */,
			);
			name = LaunchScreen.storyboard;
			sourceTree = "<group>";
		};
/* End PBXVariantGroup section */

/* Begin XCBuildConfiguration section */
		E876222A1E93FB8600651429 /* Debug */ = {
			isa = XCBuildConfiguration;
			buildSettings = {
				ALWAYS_SEARCH_USER_PATHS = NO;
				CLANG_ANALYZER_NONNULL = YES;
				CLANG_CXX_LANGUAGE_STANDARD = "gnu++0x";
				CLANG_CXX_LIBRARY = "libc++";
				CLANG_ENABLE_MODULES = YES;
				CLANG_ENABLE_OBJC_ARC = YES;
				CLANG_WARN_BOOL_CONVERSION = YES;
				CLANG_WARN_CONSTANT_CONVERSION = YES;
				CLANG_WARN_DIRECT_OBJC_ISA_USAGE = YES_ERROR;
				CLANG_WARN_DOCUMENTATION_COMMENTS = YES;
				CLANG_WARN_EMPTY_BODY = YES;
				CLANG_WARN_ENUM_CONVERSION = YES;
				CLANG_WARN_INFINITE_RECURSION = YES;
				CLANG_WARN_INT_CONVERSION = YES;
				CLANG_WARN_OBJC_ROOT_CLASS = YES_ERROR;
				CLANG_WARN_SUSPICIOUS_MOVE = YES;
				CLANG_WARN_UNREACHABLE_CODE = YES;
				CLANG_WARN__DUPLICATE_METHOD_MATCH = YES;
				"CODE_SIGN_IDENTITY[sdk=iphoneos*]" = "iPhone Developer";
				COPY_PHASE_STRIP = NO;
				DEBUG_INFORMATION_FORMAT = dwarf;
				ENABLE_STRICT_OBJC_MSGSEND = YES;
				ENABLE_TESTABILITY = YES;
				GCC_C_LANGUAGE_STANDARD = gnu99;
				GCC_DYNAMIC_NO_PIC = NO;
				GCC_NO_COMMON_BLOCKS = YES;
				GCC_OPTIMIZATION_LEVEL = 0;
				GCC_PREPROCESSOR_DEFINITIONS = (
					"DEBUG=1",
					"$(inherited)",
				);
				GCC_WARN_64_TO_32_BIT_CONVERSION = YES;
				GCC_WARN_ABOUT_RETURN_TYPE = YES_ERROR;
				GCC_WARN_UNDECLARED_SELECTOR = YES;
				GCC_WARN_UNINITIALIZED_AUTOS = YES_AGGRESSIVE;
				GCC_WARN_UNUSED_FUNCTION = YES;
				GCC_WARN_UNUSED_VARIABLE = YES;
				IPHONEOS_DEPLOYMENT_TARGET = 10.2;
				MTL_ENABLE_DEBUG_INFO = YES;
				ONLY_ACTIVE_ARCH = YES;
				SDKROOT = iphoneos;
				SWIFT_ACTIVE_COMPILATION_CONDITIONS = DEBUG;
				SWIFT_OPTIMIZATION_LEVEL = "-Onone";
			};
			name = Debug;
		};
		E876222B1E93FB8600651429 /* Release */ = {
			isa = XCBuildConfiguration;
			buildSettings = {
				ALWAYS_SEARCH_USER_PATHS = NO;
				CLANG_ANALYZER_NONNULL = YES;
				CLANG_CXX_LANGUAGE_STANDARD = "gnu++0x";
				CLANG_CXX_LIBRARY = "libc++";
				CLANG_ENABLE_MODULES = YES;
				CLANG_ENABLE_OBJC_ARC = YES;
				CLANG_WARN_BOOL_CONVERSION = YES;
				CLANG_WARN_CONSTANT_CONVERSION = YES;
				CLANG_WARN_DIRECT_OBJC_ISA_USAGE = YES_ERROR;
				CLANG_WARN_DOCUMENTATION_COMMENTS = YES;
				CLANG_WARN_EMPTY_BODY = YES;
				CLANG_WARN_ENUM_CONVERSION = YES;
				CLANG_WARN_INFINITE_RECURSION = YES;
				CLANG_WARN_INT_CONVERSION = YES;
				CLANG_WARN_OBJC_ROOT_CLASS = YES_ERROR;
				CLANG_WARN_SUSPICIOUS_MOVE = YES;
				CLANG_WARN_UNREACHABLE_CODE = YES;
				CLANG_WARN__DUPLICATE_METHOD_MATCH = YES;
				"CODE_SIGN_IDENTITY[sdk=iphoneos*]" = "iPhone Developer";
				COPY_PHASE_STRIP = NO;
				DEBUG_INFORMATION_FORMAT = "dwarf-with-dsym";
				ENABLE_NS_ASSERTIONS = NO;
				ENABLE_STRICT_OBJC_MSGSEND = YES;
				GCC_C_LANGUAGE_STANDARD = gnu99;
				GCC_NO_COMMON_BLOCKS = YES;
				GCC_WARN_64_TO_32_BIT_CONVERSION = YES;
				GCC_WARN_ABOUT_RETURN_TYPE = YES_ERROR;
				GCC_WARN_UNDECLARED_SELECTOR = YES;
				GCC_WARN_UNINITIALIZED_AUTOS = YES_AGGRESSIVE;
				GCC_WARN_UNUSED_FUNCTION = YES;
				GCC_WARN_UNUSED_VARIABLE = YES;
				IPHONEOS_DEPLOYMENT_TARGET = 10.2;
				MTL_ENABLE_DEBUG_INFO = NO;
				SDKROOT = iphoneos;
				SWIFT_OPTIMIZATION_LEVEL = "-Owholemodule";
				VALIDATE_PRODUCT = YES;
			};
			name = Release;
		};
		E876222D1E93FB8600651429 /* Debug */ = {
			isa = XCBuildConfiguration;
			baseConfigurationReference = F2F370D831F367A981D527F3 /* Pods-LickabilityCodingChallenge.debug.xcconfig */;
			buildSettings = {
				ASSETCATALOG_COMPILER_APPICON_NAME = AppIcon;
				DEVELOPMENT_TEAM = Y95395R97T;
				INFOPLIST_FILE = LickabilityCodingChallenge/Info.plist;
				LD_RUNPATH_SEARCH_PATHS = "$(inherited) @executable_path/Frameworks";
				PRODUCT_BUNDLE_IDENTIFIER = rob.LickabilityCodingChallenge;
				PRODUCT_NAME = "$(TARGET_NAME)";
				SWIFT_VERSION = 3.0;
			};
			name = Debug;
		};
		E876222E1E93FB8600651429 /* Release */ = {
			isa = XCBuildConfiguration;
			baseConfigurationReference = 4AD30B9B85D35B81F35BC764 /* Pods-LickabilityCodingChallenge.release.xcconfig */;
			buildSettings = {
				ASSETCATALOG_COMPILER_APPICON_NAME = AppIcon;
				DEVELOPMENT_TEAM = Y95395R97T;
				INFOPLIST_FILE = LickabilityCodingChallenge/Info.plist;
				LD_RUNPATH_SEARCH_PATHS = "$(inherited) @executable_path/Frameworks";
				PRODUCT_BUNDLE_IDENTIFIER = rob.LickabilityCodingChallenge;
				PRODUCT_NAME = "$(TARGET_NAME)";
				SWIFT_VERSION = 3.0;
			};
			name = Release;
		};
/* End XCBuildConfiguration section */

/* Begin XCConfigurationList section */
		E87622151E93FB8600651429 /* Build configuration list for PBXProject "LickabilityCodingChallenge" */ = {
			isa = XCConfigurationList;
			buildConfigurations = (
				E876222A1E93FB8600651429 /* Debug */,
				E876222B1E93FB8600651429 /* Release */,
			);
			defaultConfigurationIsVisible = 0;
			defaultConfigurationName = Release;
		};
		E876222C1E93FB8600651429 /* Build configuration list for PBXNativeTarget "LickabilityCodingChallenge" */ = {
			isa = XCConfigurationList;
			buildConfigurations = (
				E876222D1E93FB8600651429 /* Debug */,
				E876222E1E93FB8600651429 /* Release */,
			);
			defaultConfigurationIsVisible = 0;
			defaultConfigurationName = Release;
		};
/* End XCConfigurationList section */
	};
	rootObject = E87622121E93FB8600651429 /* Project object */;
}
